// !$*UTF8*$!
{
	archiveVersion = 1;
	classes = {
	};
	objectVersion = 45;
	objects = {

/* Begin PBXBuildFile section */
		1D3623260D0F684500981E51 /* StreetFighterAppDelegate.m in Sources */ = {isa = PBXBuildFile; fileRef = 1D3623250D0F684500981E51 /* StreetFighterAppDelegate.m */; };
		1D60589B0D05DD56006BFB54 /* main.m in Sources */ = {isa = PBXBuildFile; fileRef = 29B97316FDCFA39411CA2CEA /* main.m */; };
		1D60589F0D05DD5A006BFB54 /* Foundation.framework in Frameworks */ = {isa = PBXBuildFile; fileRef = 1D30AB110D05D00D00671497 /* Foundation.framework */; };
		1DF5F4E00D08C38300B7A737 /* UIKit.framework in Frameworks */ = {isa = PBXBuildFile; fileRef = 1DF5F4DF0D08C38300B7A737 /* UIKit.framework */; };
		288765A50DF7441C002DB57D /* CoreGraphics.framework in Frameworks */ = {isa = PBXBuildFile; fileRef = 288765A40DF7441C002DB57D /* CoreGraphics.framework */; };
		2899E5220DE3E06400AC0155 /* StreetFighterViewController.xib in Resources */ = {isa = PBXBuildFile; fileRef = 2899E5210DE3E06400AC0155 /* StreetFighterViewController.xib */; };
		28AD733F0D9D9553002E5188 /* MainWindow.xib in Resources */ = {isa = PBXBuildFile; fileRef = 28AD733E0D9D9553002E5188 /* MainWindow.xib */; };
		28D7ACF80DDB3853001CB0EB /* StreetFighterViewController.m in Sources */ = {isa = PBXBuildFile; fileRef = 28D7ACF70DDB3853001CB0EB /* StreetFighterViewController.m */; };
		3C47DF0F1A26ADFA00D6A145 /* ApngConvertMaxvid.m in Sources */ = {isa = PBXBuildFile; fileRef = 3C47DEC91A26ADFA00D6A145 /* ApngConvertMaxvid.m */; };
		3C47DF101A26ADFA00D6A145 /* AV7zApng2MvidResourceLoader.m in Sources */ = {isa = PBXBuildFile; fileRef = 3C47DECB1A26ADFA00D6A145 /* AV7zApng2MvidResourceLoader.m */; };
		3C47DF111A26ADFA00D6A145 /* AV7zAppResourceLoader.m in Sources */ = {isa = PBXBuildFile; fileRef = 3C47DECD1A26ADFA00D6A145 /* AV7zAppResourceLoader.m */; };
		3C47DF121A26ADFA00D6A145 /* AVAnimatorLayer.m in Sources */ = {isa = PBXBuildFile; fileRef = 3C47DECF1A26ADFA00D6A145 /* AVAnimatorLayer.m */; };
		3C47DF131A26ADFA00D6A145 /* AVAnimatorMedia.m in Sources */ = {isa = PBXBuildFile; fileRef = 3C47DED21A26ADFA00D6A145 /* AVAnimatorMedia.m */; };
		3C47DF141A26ADFA00D6A145 /* AVAnimatorOpenGLView.m in Sources */ = {isa = PBXBuildFile; fileRef = 3C47DED61A26ADFA00D6A145 /* AVAnimatorOpenGLView.m */; };
		3C47DF151A26ADFA00D6A145 /* AVAnimatorView.m in Sources */ = {isa = PBXBuildFile; fileRef = 3C47DED91A26ADFA00D6A145 /* AVAnimatorView.m */; };
		3C47DF161A26ADFA00D6A145 /* AVApng2MvidResourceLoader.m in Sources */ = {isa = PBXBuildFile; fileRef = 3C47DEDC1A26ADFA00D6A145 /* AVApng2MvidResourceLoader.m */; };
		3C47DF171A26ADFA00D6A145 /* AVAppResourceLoader.m in Sources */ = {isa = PBXBuildFile; fileRef = 3C47DEDE1A26ADFA00D6A145 /* AVAppResourceLoader.m */; };
		3C47DF181A26ADFA00D6A145 /* AVAsset2MvidResourceLoader.m in Sources */ = {isa = PBXBuildFile; fileRef = 3C47DEE01A26ADFA00D6A145 /* AVAsset2MvidResourceLoader.m */; };
		3C47DF191A26ADFA00D6A145 /* AVAssetFrameDecoder.m in Sources */ = {isa = PBXBuildFile; fileRef = 3C47DEE31A26ADFA00D6A145 /* AVAssetFrameDecoder.m */; };
		3C47DF1A1A26ADFA00D6A145 /* AVAssetJoinAlphaResourceLoader.m in Sources */ = {isa = PBXBuildFile; fileRef = 3C47DEE51A26ADFA00D6A145 /* AVAssetJoinAlphaResourceLoader.m */; };
		3C47DF1B1A26ADFA00D6A145 /* AVAssetReaderConvertMaxvid.m in Sources */ = {isa = PBXBuildFile; fileRef = 3C47DEE71A26ADFA00D6A145 /* AVAssetReaderConvertMaxvid.m */; };
		3C47DF1C1A26ADFA00D6A145 /* AVAssetWriterConvertFromMaxvid.m in Sources */ = {isa = PBXBuildFile; fileRef = 3C47DEE91A26ADFA00D6A145 /* AVAssetWriterConvertFromMaxvid.m */; };
		3C47DF1D1A26ADFA00D6A145 /* AVFileUtil.m in Sources */ = {isa = PBXBuildFile; fileRef = 3C47DEEB1A26ADFA00D6A145 /* AVFileUtil.m */; };
		3C47DF1E1A26ADFA00D6A145 /* AVFrame.m in Sources */ = {isa = PBXBuildFile; fileRef = 3C47DEED1A26ADFA00D6A145 /* AVFrame.m */; };
		3C47DF1F1A26ADFA00D6A145 /* AVFrameDecoder.m in Sources */ = {isa = PBXBuildFile; fileRef = 3C47DEEF1A26ADFA00D6A145 /* AVFrameDecoder.m */; };
		3C47DF201A26ADFA00D6A145 /* AVGIF89A2MvidResourceLoader.m in Sources */ = {isa = PBXBuildFile; fileRef = 3C47DEF11A26ADFA00D6A145 /* AVGIF89A2MvidResourceLoader.m */; };
		3C47DF211A26ADFA00D6A145 /* AVImageFrameDecoder.m in Sources */ = {isa = PBXBuildFile; fileRef = 3C47DEF31A26ADFA00D6A145 /* AVImageFrameDecoder.m */; };
		3C47DF221A26ADFA00D6A145 /* AVMvidFileWriter.m in Sources */ = {isa = PBXBuildFile; fileRef = 3C47DEF51A26ADFA00D6A145 /* AVMvidFileWriter.m */; };
		3C47DF231A26ADFA00D6A145 /* AVMvidFrameDecoder.m in Sources */ = {isa = PBXBuildFile; fileRef = 3C47DEF71A26ADFA00D6A145 /* AVMvidFrameDecoder.m */; };
		3C47DF241A26ADFA00D6A145 /* AVOfflineComposition.m in Sources */ = {isa = PBXBuildFile; fileRef = 3C47DEF91A26ADFA00D6A145 /* AVOfflineComposition.m */; };
		3C47DF251A26ADFA00D6A145 /* AVResourceLoader.m in Sources */ = {isa = PBXBuildFile; fileRef = 3C47DEFB1A26ADFA00D6A145 /* AVResourceLoader.m */; };
		3C47DF261A26ADFA00D6A145 /* CGFrameBuffer.m in Sources */ = {isa = PBXBuildFile; fileRef = 3C47DEFD1A26ADFA00D6A145 /* CGFrameBuffer.m */; };
		3C47DF271A26ADFA00D6A145 /* libapng.c in Sources */ = {isa = PBXBuildFile; fileRef = 3C47DEFE1A26ADFA00D6A145 /* libapng.c */; };
		3C47DF281A26ADFA00D6A145 /* maxvid_decode.c in Sources */ = {isa = PBXBuildFile; fileRef = 3C47DF001A26ADFA00D6A145 /* maxvid_decode.c */; };
		3C47DF291A26ADFA00D6A145 /* maxvid_decode_arm.s in Sources */ = {isa = PBXBuildFile; fileRef = 3C47DF021A26ADFA00D6A145 /* maxvid_decode_arm.s */; };
		3C47DF2A1A26ADFA00D6A145 /* maxvid_deltas.m in Sources */ = {isa = PBXBuildFile; fileRef = 3C47DF041A26ADFA00D6A145 /* maxvid_deltas.m */; };
		3C47DF2B1A26ADFA00D6A145 /* maxvid_encode.m in Sources */ = {isa = PBXBuildFile; fileRef = 3C47DF061A26ADFA00D6A145 /* maxvid_encode.m */; };
		3C47DF2C1A26ADFA00D6A145 /* maxvid_file.c in Sources */ = {isa = PBXBuildFile; fileRef = 3C47DF071A26ADFA00D6A145 /* maxvid_file.c */; };
		3C47DF2D1A26ADFA00D6A145 /* movdata.c in Sources */ = {isa = PBXBuildFile; fileRef = 3C47DF091A26ADFA00D6A145 /* movdata.c */; };
		3C47DF2E1A26ADFA00D6A145 /* MutableAttrString.m in Sources */ = {isa = PBXBuildFile; fileRef = 3C47DF0C1A26ADFA00D6A145 /* MutableAttrString.m */; };
		3C47DF2F1A26ADFA00D6A145 /* SegmentedMappedData.m in Sources */ = {isa = PBXBuildFile; fileRef = 3C47DF0E1A26ADFA00D6A145 /* SegmentedMappedData.m */; };
		3C9381C41A26B00E00C515CF /* MobileCoreServices.framework in Frameworks */ = {isa = PBXBuildFile; fileRef = 3C9381C31A26B00E00C515CF /* MobileCoreServices.framework */; };
		3C9381C61A26B02900C515CF /* OpenGLES.framework in Frameworks */ = {isa = PBXBuildFile; fileRef = 3C9381C51A26B02900C515CF /* OpenGLES.framework */; };
		3C9381C81A26B03600C515CF /* GLKit.framework in Frameworks */ = {isa = PBXBuildFile; fileRef = 3C9381C71A26B03600C515CF /* GLKit.framework */; };
		3C9381CA1A26B04100C515CF /* CoreText.framework in Frameworks */ = {isa = PBXBuildFile; fileRef = 3C9381C91A26B04100C515CF /* CoreText.framework */; };
		3C9381CC1A26B04A00C515CF /* ImageIO.framework in Frameworks */ = {isa = PBXBuildFile; fileRef = 3C9381CB1A26B04A00C515CF /* ImageIO.framework */; };
		CD1BB22E12EEA02600A237B7 /* Hadoken.wav in Resources */ = {isa = PBXBuildFile; fileRef = CD1BB22D12EEA02600A237B7 /* Hadoken.wav */; };
		CD1BB23012EEA03400A237B7 /* Kick.wav in Resources */ = {isa = PBXBuildFile; fileRef = CD1BB22F12EEA03400A237B7 /* Kick.wav */; };
		CD1BB26D12EEA66600A237B7 /* Punch-fierce.wav in Resources */ = {isa = PBXBuildFile; fileRef = CD1BB26C12EEA66600A237B7 /* Punch-fierce.wav */; };
		CD1BB29412EEA88100A237B7 /* Fight.wav in Resources */ = {isa = PBXBuildFile; fileRef = CD1BB29312EEA88100A237B7 /* Fight.wav */; };
		CD3FCF28162681F10037002F /* CoreVideo.framework in Frameworks */ = {isa = PBXBuildFile; fileRef = CD3FCF27162681F10037002F /* CoreVideo.framework */; };
		CD3FCF2A162682000037002F /* CoreMedia.framework in Frameworks */ = {isa = PBXBuildFile; fileRef = CD3FCF29162682000037002F /* CoreMedia.framework */; };
		CD44A23D137365F500DB9E9F /* libz.dylib in Frameworks */ = {isa = PBXBuildFile; fileRef = CD44A23C137365F500DB9E9F /* libz.dylib */; };
		CD6B5E3B13680CAF005D779E /* 7zBuf.c in Sources */ = {isa = PBXBuildFile; fileRef = CD6B5E1713680CAF005D779E /* 7zBuf.c */; };
		CD6B5E3C13680CAF005D779E /* 7zBuf2.c in Sources */ = {isa = PBXBuildFile; fileRef = CD6B5E1913680CAF005D779E /* 7zBuf2.c */; };
		CD6B5E3D13680CAF005D779E /* 7zDec.c in Sources */ = {isa = PBXBuildFile; fileRef = CD6B5E1A13680CAF005D779E /* 7zDec.c */; };
		CD6B5E3E13680CAF005D779E /* 7zFile.c in Sources */ = {isa = PBXBuildFile; fileRef = CD6B5E1B13680CAF005D779E /* 7zFile.c */; };
		CD6B5E3F13680CAF005D779E /* 7zIn.c in Sources */ = {isa = PBXBuildFile; fileRef = CD6B5E1D13680CAF005D779E /* 7zIn.c */; };
		CD6B5E4013680CAF005D779E /* 7zStream.c in Sources */ = {isa = PBXBuildFile; fileRef = CD6B5E1E13680CAF005D779E /* 7zStream.c */; };
		CD6B5E4113680CAF005D779E /* Alloc.c in Sources */ = {isa = PBXBuildFile; fileRef = CD6B5E2013680CAF005D779E /* Alloc.c */; };
		CD6B5E4213680CAF005D779E /* CpuArch.c in Sources */ = {isa = PBXBuildFile; fileRef = CD6B5E2213680CAF005D779E /* CpuArch.c */; };
		CD6B5E4313680CAF005D779E /* Delta.c in Sources */ = {isa = PBXBuildFile; fileRef = CD6B5E2413680CAF005D779E /* Delta.c */; };
		CD6B5E4413680CAF005D779E /* Lzma2Dec.c in Sources */ = {isa = PBXBuildFile; fileRef = CD6B5E2713680CAF005D779E /* Lzma2Dec.c */; };
		CD6B5E4513680CAF005D779E /* LzmaDec.c in Sources */ = {isa = PBXBuildFile; fileRef = CD6B5E2913680CAF005D779E /* LzmaDec.c */; };
		CD6B5E4613680CAF005D779E /* LZMAExtractor.m in Sources */ = {isa = PBXBuildFile; fileRef = CD6B5E2C13680CAF005D779E /* LZMAExtractor.m */; };
		CD6B5E4713680CAF005D779E /* Ppmd7.c in Sources */ = {isa = PBXBuildFile; fileRef = CD6B5E2E13680CAF005D779E /* Ppmd7.c */; };
		CD6B5E4813680CAF005D779E /* Ppmd7Dec.c in Sources */ = {isa = PBXBuildFile; fileRef = CD6B5E3013680CAF005D779E /* Ppmd7Dec.c */; };
		CD6B5E4913680CAF005D779E /* Ppmd8.c in Sources */ = {isa = PBXBuildFile; fileRef = CD6B5E3113680CAF005D779E /* Ppmd8.c */; };
		CD6B5E4A13680CAF005D779E /* Ppmd8Dec.c in Sources */ = {isa = PBXBuildFile; fileRef = CD6B5E3313680CAF005D779E /* Ppmd8Dec.c */; };
		CD6B5E4B13680CAF005D779E /* 7zAlloc.c in Sources */ = {isa = PBXBuildFile; fileRef = CD6B5E3813680CAF005D779E /* 7zAlloc.c */; };
		CD6B5E4C13680CAF005D779E /* 7zMain.c in Sources */ = {isa = PBXBuildFile; fileRef = CD6B5E3A13680CAF005D779E /* 7zMain.c */; };
		CD7659FF1368A75900020FEB /* RyuMvids.7z in Resources */ = {isa = PBXBuildFile; fileRef = CD7659FE1368A75900020FEB /* RyuMvids.7z */; };
		CD85066612EBA7610037EFDA /* SF2BlankaBackground.gif in Resources */ = {isa = PBXBuildFile; fileRef = CD85066512EBA7610037EFDA /* SF2BlankaBackground.gif */; };
		CD85069912EBA9810037EFDA /* AutoPropertyRelease.m in Sources */ = {isa = PBXBuildFile; fileRef = CD85067A12EBA9810037EFDA /* AutoPropertyRelease.m */; };
		CD8506F312EBAB7B0037EFDA /* AVFoundation.framework in Frameworks */ = {isa = PBXBuildFile; fileRef = CD8506F212EBAB7B0037EFDA /* AVFoundation.framework */; };
		CD8506F712EBAB820037EFDA /* AudioToolbox.framework in Frameworks */ = {isa = PBXBuildFile; fileRef = CD8506F612EBAB820037EFDA /* AudioToolbox.framework */; };
		CD85070512EBAB890037EFDA /* QuartzCore.framework in Frameworks */ = {isa = PBXBuildFile; fileRef = CD85070412EBAB890037EFDA /* QuartzCore.framework */; };
		CD85071D12EBAB910037EFDA /* MediaPlayer.framework in Frameworks */ = {isa = PBXBuildFile; fileRef = CD85071C12EBAB910037EFDA /* MediaPlayer.framework */; };
		CD937C0E14B057DE00D903F0 /* AutoTimer.m in Sources */ = {isa = PBXBuildFile; fileRef = CD937C0D14B057DE00D903F0 /* AutoTimer.m */; };
		CDC21F9F12EE4A19005D648A /* Icon.png in Resources */ = {isa = PBXBuildFile; fileRef = CDC21F9E12EE4A19005D648A /* Icon.png */; };
		CDC21FA112EE4A26005D648A /* sf2_blanka_theme_mono_qlow_22k.caf in Resources */ = {isa = PBXBuildFile; fileRef = CDC21FA012EE4A26005D648A /* sf2_blanka_theme_mono_qlow_22k.caf */; };
		CDD0B21212F4DFDF00412982 /* License.txt in Resources */ = {isa = PBXBuildFile; fileRef = CDD0B21112F4DFDF00412982 /* License.txt */; };
		CDD2640712EBDB9D000BF04E /* RyuStance.png in Resources */ = {isa = PBXBuildFile; fileRef = CDD2640612EBDB9D000BF04E /* RyuStance.png */; };
		CDE10D7D12EE2A50002F071D /* RedButtonDownAlpha.png in Resources */ = {isa = PBXBuildFile; fileRef = CDE10D7B12EE2A50002F071D /* RedButtonDownAlpha.png */; };
		CDE10D7E12EE2A50002F071D /* RedButtonUpAlpha.png in Resources */ = {isa = PBXBuildFile; fileRef = CDE10D7C12EE2A50002F071D /* RedButtonUpAlpha.png */; };
/* End PBXBuildFile section */

/* Begin PBXFileReference section */
		1D30AB110D05D00D00671497 /* Foundation.framework */ = {isa = PBXFileReference; lastKnownFileType = wrapper.framework; name = Foundation.framework; path = System/Library/Frameworks/Foundation.framework; sourceTree = SDKROOT; };
		1D3623240D0F684500981E51 /* StreetFighterAppDelegate.h */ = {isa = PBXFileReference; fileEncoding = 4; lastKnownFileType = sourcecode.c.h; path = StreetFighterAppDelegate.h; sourceTree = "<group>"; };
		1D3623250D0F684500981E51 /* StreetFighterAppDelegate.m */ = {isa = PBXFileReference; fileEncoding = 4; lastKnownFileType = sourcecode.c.objc; path = StreetFighterAppDelegate.m; sourceTree = "<group>"; };
		1D6058910D05DD3D006BFB54 /* StreetFighter.app */ = {isa = PBXFileReference; explicitFileType = wrapper.application; includeInIndex = 0; path = StreetFighter.app; sourceTree = BUILT_PRODUCTS_DIR; };
		1DF5F4DF0D08C38300B7A737 /* UIKit.framework */ = {isa = PBXFileReference; lastKnownFileType = wrapper.framework; name = UIKit.framework; path = System/Library/Frameworks/UIKit.framework; sourceTree = SDKROOT; };
		288765A40DF7441C002DB57D /* CoreGraphics.framework */ = {isa = PBXFileReference; lastKnownFileType = wrapper.framework; name = CoreGraphics.framework; path = System/Library/Frameworks/CoreGraphics.framework; sourceTree = SDKROOT; };
		2899E5210DE3E06400AC0155 /* StreetFighterViewController.xib */ = {isa = PBXFileReference; lastKnownFileType = file.xib; path = StreetFighterViewController.xib; sourceTree = "<group>"; };
		28AD733E0D9D9553002E5188 /* MainWindow.xib */ = {isa = PBXFileReference; lastKnownFileType = file.xib; path = MainWindow.xib; sourceTree = "<group>"; };
		28D7ACF60DDB3853001CB0EB /* StreetFighterViewController.h */ = {isa = PBXFileReference; fileEncoding = 4; lastKnownFileType = sourcecode.c.h; path = StreetFighterViewController.h; sourceTree = "<group>"; };
		28D7ACF70DDB3853001CB0EB /* StreetFighterViewController.m */ = {isa = PBXFileReference; fileEncoding = 4; lastKnownFileType = sourcecode.c.objc; path = StreetFighterViewController.m; sourceTree = "<group>"; };
		29B97316FDCFA39411CA2CEA /* main.m */ = {isa = PBXFileReference; fileEncoding = 4; lastKnownFileType = sourcecode.c.objc; path = main.m; sourceTree = "<group>"; };
		32CA4F630368D1EE00C91783 /* StreetFighter_Prefix.pch */ = {isa = PBXFileReference; fileEncoding = 4; lastKnownFileType = sourcecode.c.h; path = StreetFighter_Prefix.pch; sourceTree = "<group>"; };
		3C47DEC81A26ADFA00D6A145 /* ApngConvertMaxvid.h */ = {isa = PBXFileReference; fileEncoding = 4; lastKnownFileType = sourcecode.c.h; path = ApngConvertMaxvid.h; sourceTree = "<group>"; };
		3C47DEC91A26ADFA00D6A145 /* ApngConvertMaxvid.m */ = {isa = PBXFileReference; fileEncoding = 4; lastKnownFileType = sourcecode.c.objc; path = ApngConvertMaxvid.m; sourceTree = "<group>"; };
		3C47DECA1A26ADFA00D6A145 /* AV7zApng2MvidResourceLoader.h */ = {isa = PBXFileReference; fileEncoding = 4; lastKnownFileType = sourcecode.c.h; path = AV7zApng2MvidResourceLoader.h; sourceTree = "<group>"; };
		3C47DECB1A26ADFA00D6A145 /* AV7zApng2MvidResourceLoader.m */ = {isa = PBXFileReference; fileEncoding = 4; lastKnownFileType = sourcecode.c.objc; path = AV7zApng2MvidResourceLoader.m; sourceTree = "<group>"; };
		3C47DECC1A26ADFA00D6A145 /* AV7zAppResourceLoader.h */ = {isa = PBXFileReference; fileEncoding = 4; lastKnownFileType = sourcecode.c.h; path = AV7zAppResourceLoader.h; sourceTree = "<group>"; };
		3C47DECD1A26ADFA00D6A145 /* AV7zAppResourceLoader.m */ = {isa = PBXFileReference; fileEncoding = 4; lastKnownFileType = sourcecode.c.objc; path = AV7zAppResourceLoader.m; sourceTree = "<group>"; };
		3C47DECE1A26ADFA00D6A145 /* AVAnimatorLayer.h */ = {isa = PBXFileReference; fileEncoding = 4; lastKnownFileType = sourcecode.c.h; path = AVAnimatorLayer.h; sourceTree = "<group>"; };
		3C47DECF1A26ADFA00D6A145 /* AVAnimatorLayer.m */ = {isa = PBXFileReference; fileEncoding = 4; lastKnownFileType = sourcecode.c.objc; path = AVAnimatorLayer.m; sourceTree = "<group>"; };
		3C47DED01A26ADFA00D6A145 /* AVAnimatorLayerPrivate.h */ = {isa = PBXFileReference; fileEncoding = 4; lastKnownFileType = sourcecode.c.h; path = AVAnimatorLayerPrivate.h; sourceTree = "<group>"; };
		3C47DED11A26ADFA00D6A145 /* AVAnimatorMedia.h */ = {isa = PBXFileReference; fileEncoding = 4; lastKnownFileType = sourcecode.c.h; path = AVAnimatorMedia.h; sourceTree = "<group>"; };
		3C47DED21A26ADFA00D6A145 /* AVAnimatorMedia.m */ = {isa = PBXFileReference; fileEncoding = 4; lastKnownFileType = sourcecode.c.objc; path = AVAnimatorMedia.m; sourceTree = "<group>"; };
		3C47DED31A26ADFA00D6A145 /* AVAnimatorMediaPrivate.h */ = {isa = PBXFileReference; fileEncoding = 4; lastKnownFileType = sourcecode.c.h; path = AVAnimatorMediaPrivate.h; sourceTree = "<group>"; };
		3C47DED41A26ADFA00D6A145 /* AVAnimatorMediaRendererProtocol.h */ = {isa = PBXFileReference; fileEncoding = 4; lastKnownFileType = sourcecode.c.h; path = AVAnimatorMediaRendererProtocol.h; sourceTree = "<group>"; };
		3C47DED51A26ADFA00D6A145 /* AVAnimatorOpenGLView.h */ = {isa = PBXFileReference; fileEncoding = 4; lastKnownFileType = sourcecode.c.h; path = AVAnimatorOpenGLView.h; sourceTree = "<group>"; };
		3C47DED61A26ADFA00D6A145 /* AVAnimatorOpenGLView.m */ = {isa = PBXFileReference; fileEncoding = 4; lastKnownFileType = sourcecode.c.objc; path = AVAnimatorOpenGLView.m; sourceTree = "<group>"; };
		3C47DED71A26ADFA00D6A145 /* AVAnimatorOpenGLViewPrivate.h */ = {isa = PBXFileReference; fileEncoding = 4; lastKnownFileType = sourcecode.c.h; path = AVAnimatorOpenGLViewPrivate.h; sourceTree = "<group>"; };
		3C47DED81A26ADFA00D6A145 /* AVAnimatorView.h */ = {isa = PBXFileReference; fileEncoding = 4; lastKnownFileType = sourcecode.c.h; path = AVAnimatorView.h; sourceTree = "<group>"; };
		3C47DED91A26ADFA00D6A145 /* AVAnimatorView.m */ = {isa = PBXFileReference; fileEncoding = 4; lastKnownFileType = sourcecode.c.objc; path = AVAnimatorView.m; sourceTree = "<group>"; };
		3C47DEDA1A26ADFA00D6A145 /* AVAnimatorViewPrivate.h */ = {isa = PBXFileReference; fileEncoding = 4; lastKnownFileType = sourcecode.c.h; path = AVAnimatorViewPrivate.h; sourceTree = "<group>"; };
		3C47DEDB1A26ADFA00D6A145 /* AVApng2MvidResourceLoader.h */ = {isa = PBXFileReference; fileEncoding = 4; lastKnownFileType = sourcecode.c.h; path = AVApng2MvidResourceLoader.h; sourceTree = "<group>"; };
		3C47DEDC1A26ADFA00D6A145 /* AVApng2MvidResourceLoader.m */ = {isa = PBXFileReference; fileEncoding = 4; lastKnownFileType = sourcecode.c.objc; path = AVApng2MvidResourceLoader.m; sourceTree = "<group>"; };
		3C47DEDD1A26ADFA00D6A145 /* AVAppResourceLoader.h */ = {isa = PBXFileReference; fileEncoding = 4; lastKnownFileType = sourcecode.c.h; path = AVAppResourceLoader.h; sourceTree = "<group>"; };
		3C47DEDE1A26ADFA00D6A145 /* AVAppResourceLoader.m */ = {isa = PBXFileReference; fileEncoding = 4; lastKnownFileType = sourcecode.c.objc; path = AVAppResourceLoader.m; sourceTree = "<group>"; };
		3C47DEDF1A26ADFA00D6A145 /* AVAsset2MvidResourceLoader.h */ = {isa = PBXFileReference; fileEncoding = 4; lastKnownFileType = sourcecode.c.h; path = AVAsset2MvidResourceLoader.h; sourceTree = "<group>"; };
		3C47DEE01A26ADFA00D6A145 /* AVAsset2MvidResourceLoader.m */ = {isa = PBXFileReference; fileEncoding = 4; lastKnownFileType = sourcecode.c.objc; path = AVAsset2MvidResourceLoader.m; sourceTree = "<group>"; };
		3C47DEE11A26ADFA00D6A145 /* AVAssetConvertCommon.h */ = {isa = PBXFileReference; fileEncoding = 4; lastKnownFileType = sourcecode.c.h; path = AVAssetConvertCommon.h; sourceTree = "<group>"; };
		3C47DEE21A26ADFA00D6A145 /* AVAssetFrameDecoder.h */ = {isa = PBXFileReference; fileEncoding = 4; lastKnownFileType = sourcecode.c.h; path = AVAssetFrameDecoder.h; sourceTree = "<group>"; };
		3C47DEE31A26ADFA00D6A145 /* AVAssetFrameDecoder.m */ = {isa = PBXFileReference; fileEncoding = 4; lastKnownFileType = sourcecode.c.objc; path = AVAssetFrameDecoder.m; sourceTree = "<group>"; };
		3C47DEE41A26ADFA00D6A145 /* AVAssetJoinAlphaResourceLoader.h */ = {isa = PBXFileReference; fileEncoding = 4; lastKnownFileType = sourcecode.c.h; path = AVAssetJoinAlphaResourceLoader.h; sourceTree = "<group>"; };
		3C47DEE51A26ADFA00D6A145 /* AVAssetJoinAlphaResourceLoader.m */ = {isa = PBXFileReference; fileEncoding = 4; lastKnownFileType = sourcecode.c.objc; path = AVAssetJoinAlphaResourceLoader.m; sourceTree = "<group>"; };
		3C47DEE61A26ADFA00D6A145 /* AVAssetReaderConvertMaxvid.h */ = {isa = PBXFileReference; fileEncoding = 4; lastKnownFileType = sourcecode.c.h; path = AVAssetReaderConvertMaxvid.h; sourceTree = "<group>"; };
		3C47DEE71A26ADFA00D6A145 /* AVAssetReaderConvertMaxvid.m */ = {isa = PBXFileReference; fileEncoding = 4; lastKnownFileType = sourcecode.c.objc; path = AVAssetReaderConvertMaxvid.m; sourceTree = "<group>"; };
		3C47DEE81A26ADFA00D6A145 /* AVAssetWriterConvertFromMaxvid.h */ = {isa = PBXFileReference; fileEncoding = 4; lastKnownFileType = sourcecode.c.h; path = AVAssetWriterConvertFromMaxvid.h; sourceTree = "<group>"; };
		3C47DEE91A26ADFA00D6A145 /* AVAssetWriterConvertFromMaxvid.m */ = {isa = PBXFileReference; fileEncoding = 4; lastKnownFileType = sourcecode.c.objc; path = AVAssetWriterConvertFromMaxvid.m; sourceTree = "<group>"; };
		3C47DEEA1A26ADFA00D6A145 /* AVFileUtil.h */ = {isa = PBXFileReference; fileEncoding = 4; lastKnownFileType = sourcecode.c.h; path = AVFileUtil.h; sourceTree = "<group>"; };
		3C47DEEB1A26ADFA00D6A145 /* AVFileUtil.m */ = {isa = PBXFileReference; fileEncoding = 4; lastKnownFileType = sourcecode.c.objc; path = AVFileUtil.m; sourceTree = "<group>"; };
		3C47DEEC1A26ADFA00D6A145 /* AVFrame.h */ = {isa = PBXFileReference; fileEncoding = 4; lastKnownFileType = sourcecode.c.h; path = AVFrame.h; sourceTree = "<group>"; };
		3C47DEED1A26ADFA00D6A145 /* AVFrame.m */ = {isa = PBXFileReference; fileEncoding = 4; lastKnownFileType = sourcecode.c.objc; path = AVFrame.m; sourceTree = "<group>"; };
		3C47DEEE1A26ADFA00D6A145 /* AVFrameDecoder.h */ = {isa = PBXFileReference; fileEncoding = 4; lastKnownFileType = sourcecode.c.h; path = AVFrameDecoder.h; sourceTree = "<group>"; };
		3C47DEEF1A26ADFA00D6A145 /* AVFrameDecoder.m */ = {isa = PBXFileReference; fileEncoding = 4; lastKnownFileType = sourcecode.c.objc; path = AVFrameDecoder.m; sourceTree = "<group>"; };
		3C47DEF01A26ADFA00D6A145 /* AVGIF89A2MvidResourceLoader.h */ = {isa = PBXFileReference; fileEncoding = 4; lastKnownFileType = sourcecode.c.h; path = AVGIF89A2MvidResourceLoader.h; sourceTree = "<group>"; };
		3C47DEF11A26ADFA00D6A145 /* AVGIF89A2MvidResourceLoader.m */ = {isa = PBXFileReference; fileEncoding = 4; lastKnownFileType = sourcecode.c.objc; path = AVGIF89A2MvidResourceLoader.m; sourceTree = "<group>"; };
		3C47DEF21A26ADFA00D6A145 /* AVImageFrameDecoder.h */ = {isa = PBXFileReference; fileEncoding = 4; lastKnownFileType = sourcecode.c.h; path = AVImageFrameDecoder.h; sourceTree = "<group>"; };
		3C47DEF31A26ADFA00D6A145 /* AVImageFrameDecoder.m */ = {isa = PBXFileReference; fileEncoding = 4; lastKnownFileType = sourcecode.c.objc; path = AVImageFrameDecoder.m; sourceTree = "<group>"; };
		3C47DEF41A26ADFA00D6A145 /* AVMvidFileWriter.h */ = {isa = PBXFileReference; fileEncoding = 4; lastKnownFileType = sourcecode.c.h; path = AVMvidFileWriter.h; sourceTree = "<group>"; };
		3C47DEF51A26ADFA00D6A145 /* AVMvidFileWriter.m */ = {isa = PBXFileReference; fileEncoding = 4; lastKnownFileType = sourcecode.c.objc; path = AVMvidFileWriter.m; sourceTree = "<group>"; };
		3C47DEF61A26ADFA00D6A145 /* AVMvidFrameDecoder.h */ = {isa = PBXFileReference; fileEncoding = 4; lastKnownFileType = sourcecode.c.h; path = AVMvidFrameDecoder.h; sourceTree = "<group>"; };
		3C47DEF71A26ADFA00D6A145 /* AVMvidFrameDecoder.m */ = {isa = PBXFileReference; fileEncoding = 4; lastKnownFileType = sourcecode.c.objc; path = AVMvidFrameDecoder.m; sourceTree = "<group>"; };
		3C47DEF81A26ADFA00D6A145 /* AVOfflineComposition.h */ = {isa = PBXFileReference; fileEncoding = 4; lastKnownFileType = sourcecode.c.h; path = AVOfflineComposition.h; sourceTree = "<group>"; };
		3C47DEF91A26ADFA00D6A145 /* AVOfflineComposition.m */ = {isa = PBXFileReference; fileEncoding = 4; lastKnownFileType = sourcecode.c.objc; path = AVOfflineComposition.m; sourceTree = "<group>"; };
		3C47DEFA1A26ADFA00D6A145 /* AVResourceLoader.h */ = {isa = PBXFileReference; fileEncoding = 4; lastKnownFileType = sourcecode.c.h; path = AVResourceLoader.h; sourceTree = "<group>"; };
		3C47DEFB1A26ADFA00D6A145 /* AVResourceLoader.m */ = {isa = PBXFileReference; fileEncoding = 4; lastKnownFileType = sourcecode.c.objc; path = AVResourceLoader.m; sourceTree = "<group>"; };
		3C47DEFC1A26ADFA00D6A145 /* CGFrameBuffer.h */ = {isa = PBXFileReference; fileEncoding = 4; lastKnownFileType = sourcecode.c.h; path = CGFrameBuffer.h; sourceTree = "<group>"; };
		3C47DEFD1A26ADFA00D6A145 /* CGFrameBuffer.m */ = {isa = PBXFileReference; fileEncoding = 4; lastKnownFileType = sourcecode.c.objc; path = CGFrameBuffer.m; sourceTree = "<group>"; };
		3C47DEFE1A26ADFA00D6A145 /* libapng.c */ = {isa = PBXFileReference; fileEncoding = 4; lastKnownFileType = sourcecode.c.c; path = libapng.c; sourceTree = "<group>"; };
		3C47DEFF1A26ADFA00D6A145 /* libapng.h */ = {isa = PBXFileReference; fileEncoding = 4; lastKnownFileType = sourcecode.c.h; path = libapng.h; sourceTree = "<group>"; };
		3C47DF001A26ADFA00D6A145 /* maxvid_decode.c */ = {isa = PBXFileReference; fileEncoding = 4; lastKnownFileType = sourcecode.c.c; path = maxvid_decode.c; sourceTree = "<group>"; };
		3C47DF011A26ADFA00D6A145 /* maxvid_decode.h */ = {isa = PBXFileReference; fileEncoding = 4; lastKnownFileType = sourcecode.c.h; path = maxvid_decode.h; sourceTree = "<group>"; };
		3C47DF021A26ADFA00D6A145 /* maxvid_decode_arm.s */ = {isa = PBXFileReference; fileEncoding = 4; lastKnownFileType = sourcecode.asm; path = maxvid_decode_arm.s; sourceTree = "<group>"; };
		3C47DF031A26ADFA00D6A145 /* maxvid_deltas.h */ = {isa = PBXFileReference; fileEncoding = 4; lastKnownFileType = sourcecode.c.h; path = maxvid_deltas.h; sourceTree = "<group>"; };
		3C47DF041A26ADFA00D6A145 /* maxvid_deltas.m */ = {isa = PBXFileReference; fileEncoding = 4; lastKnownFileType = sourcecode.c.objc; path = maxvid_deltas.m; sourceTree = "<group>"; };
		3C47DF051A26ADFA00D6A145 /* maxvid_encode.h */ = {isa = PBXFileReference; fileEncoding = 4; lastKnownFileType = sourcecode.c.h; path = maxvid_encode.h; sourceTree = "<group>"; };
		3C47DF061A26ADFA00D6A145 /* maxvid_encode.m */ = {isa = PBXFileReference; fileEncoding = 4; lastKnownFileType = sourcecode.c.objc; path = maxvid_encode.m; sourceTree = "<group>"; };
		3C47DF071A26ADFA00D6A145 /* maxvid_file.c */ = {isa = PBXFileReference; fileEncoding = 4; lastKnownFileType = sourcecode.c.c; path = maxvid_file.c; sourceTree = "<group>"; };
		3C47DF081A26ADFA00D6A145 /* maxvid_file.h */ = {isa = PBXFileReference; fileEncoding = 4; lastKnownFileType = sourcecode.c.h; path = maxvid_file.h; sourceTree = "<group>"; };
		3C47DF091A26ADFA00D6A145 /* movdata.c */ = {isa = PBXFileReference; fileEncoding = 4; lastKnownFileType = sourcecode.c.c; path = movdata.c; sourceTree = "<group>"; };
		3C47DF0A1A26ADFA00D6A145 /* movdata.h */ = {isa = PBXFileReference; fileEncoding = 4; lastKnownFileType = sourcecode.c.h; path = movdata.h; sourceTree = "<group>"; };
		3C47DF0B1A26ADFA00D6A145 /* MutableAttrString.h */ = {isa = PBXFileReference; fileEncoding = 4; lastKnownFileType = sourcecode.c.h; path = MutableAttrString.h; sourceTree = "<group>"; };
		3C47DF0C1A26ADFA00D6A145 /* MutableAttrString.m */ = {isa = PBXFileReference; fileEncoding = 4; lastKnownFileType = sourcecode.c.objc; path = MutableAttrString.m; sourceTree = "<group>"; };
		3C47DF0D1A26ADFA00D6A145 /* SegmentedMappedData.h */ = {isa = PBXFileReference; fileEncoding = 4; lastKnownFileType = sourcecode.c.h; path = SegmentedMappedData.h; sourceTree = "<group>"; };
		3C47DF0E1A26ADFA00D6A145 /* SegmentedMappedData.m */ = {isa = PBXFileReference; fileEncoding = 4; lastKnownFileType = sourcecode.c.objc; path = SegmentedMappedData.m; sourceTree = "<group>"; };
		3C9381C31A26B00E00C515CF /* MobileCoreServices.framework */ = {isa = PBXFileReference; lastKnownFileType = wrapper.framework; name = MobileCoreServices.framework; path = System/Library/Frameworks/MobileCoreServices.framework; sourceTree = SDKROOT; };
		3C9381C51A26B02900C515CF /* OpenGLES.framework */ = {isa = PBXFileReference; lastKnownFileType = wrapper.framework; name = OpenGLES.framework; path = System/Library/Frameworks/OpenGLES.framework; sourceTree = SDKROOT; };
		3C9381C71A26B03600C515CF /* GLKit.framework */ = {isa = PBXFileReference; lastKnownFileType = wrapper.framework; name = GLKit.framework; path = System/Library/Frameworks/GLKit.framework; sourceTree = SDKROOT; };
		3C9381C91A26B04100C515CF /* CoreText.framework */ = {isa = PBXFileReference; lastKnownFileType = wrapper.framework; name = CoreText.framework; path = System/Library/Frameworks/CoreText.framework; sourceTree = SDKROOT; };
		3C9381CB1A26B04A00C515CF /* ImageIO.framework */ = {isa = PBXFileReference; lastKnownFileType = wrapper.framework; name = ImageIO.framework; path = System/Library/Frameworks/ImageIO.framework; sourceTree = SDKROOT; };
		8D1107310486CEB800E47090 /* StreetFighter-Info.plist */ = {isa = PBXFileReference; fileEncoding = 4; lastKnownFileType = text.plist.xml; path = "StreetFighter-Info.plist"; plistStructureDefinitionIdentifier = "com.apple.xcode.plist.structure-definition.iphone.info-plist"; sourceTree = "<group>"; };
		CD1BB22D12EEA02600A237B7 /* Hadoken.wav */ = {isa = PBXFileReference; lastKnownFileType = audio.wav; path = Hadoken.wav; sourceTree = "<group>"; };
		CD1BB22F12EEA03400A237B7 /* Kick.wav */ = {isa = PBXFileReference; lastKnownFileType = audio.wav; path = Kick.wav; sourceTree = "<group>"; };
		CD1BB26C12EEA66600A237B7 /* Punch-fierce.wav */ = {isa = PBXFileReference; lastKnownFileType = audio.wav; path = "Punch-fierce.wav"; sourceTree = "<group>"; };
		CD1BB29312EEA88100A237B7 /* Fight.wav */ = {isa = PBXFileReference; lastKnownFileType = audio.wav; path = Fight.wav; sourceTree = "<group>"; };
		CD3FCF27162681F10037002F /* CoreVideo.framework */ = {isa = PBXFileReference; lastKnownFileType = wrapper.framework; name = CoreVideo.framework; path = System/Library/Frameworks/CoreVideo.framework; sourceTree = SDKROOT; };
		CD3FCF29162682000037002F /* CoreMedia.framework */ = {isa = PBXFileReference; lastKnownFileType = wrapper.framework; name = CoreMedia.framework; path = System/Library/Frameworks/CoreMedia.framework; sourceTree = SDKROOT; };
		CD44A23C137365F500DB9E9F /* libz.dylib */ = {isa = PBXFileReference; lastKnownFileType = "compiled.mach-o.dylib"; name = libz.dylib; path = usr/lib/libz.dylib; sourceTree = SDKROOT; };
		CD6B5E1613680CAF005D779E /* 7z.h */ = {isa = PBXFileReference; fileEncoding = 4; lastKnownFileType = sourcecode.c.h; path = 7z.h; sourceTree = "<group>"; };
		CD6B5E1713680CAF005D779E /* 7zBuf.c */ = {isa = PBXFileReference; fileEncoding = 4; lastKnownFileType = sourcecode.c.c; path = 7zBuf.c; sourceTree = "<group>"; };
		CD6B5E1813680CAF005D779E /* 7zBuf.h */ = {isa = PBXFileReference; fileEncoding = 4; lastKnownFileType = sourcecode.c.h; path = 7zBuf.h; sourceTree = "<group>"; };
		CD6B5E1913680CAF005D779E /* 7zBuf2.c */ = {isa = PBXFileReference; fileEncoding = 4; lastKnownFileType = sourcecode.c.c; path = 7zBuf2.c; sourceTree = "<group>"; };
		CD6B5E1A13680CAF005D779E /* 7zDec.c */ = {isa = PBXFileReference; fileEncoding = 4; lastKnownFileType = sourcecode.c.c; path = 7zDec.c; sourceTree = "<group>"; };
		CD6B5E1B13680CAF005D779E /* 7zFile.c */ = {isa = PBXFileReference; fileEncoding = 4; lastKnownFileType = sourcecode.c.c; path = 7zFile.c; sourceTree = "<group>"; };
		CD6B5E1C13680CAF005D779E /* 7zFile.h */ = {isa = PBXFileReference; fileEncoding = 4; lastKnownFileType = sourcecode.c.h; path = 7zFile.h; sourceTree = "<group>"; };
		CD6B5E1D13680CAF005D779E /* 7zIn.c */ = {isa = PBXFileReference; fileEncoding = 4; lastKnownFileType = sourcecode.c.c; path = 7zIn.c; sourceTree = "<group>"; };
		CD6B5E1E13680CAF005D779E /* 7zStream.c */ = {isa = PBXFileReference; fileEncoding = 4; lastKnownFileType = sourcecode.c.c; path = 7zStream.c; sourceTree = "<group>"; };
		CD6B5E1F13680CAF005D779E /* 7zVersion.h */ = {isa = PBXFileReference; fileEncoding = 4; lastKnownFileType = sourcecode.c.h; path = 7zVersion.h; sourceTree = "<group>"; };
		CD6B5E2013680CAF005D779E /* Alloc.c */ = {isa = PBXFileReference; fileEncoding = 4; lastKnownFileType = sourcecode.c.c; path = Alloc.c; sourceTree = "<group>"; };
		CD6B5E2113680CAF005D779E /* Alloc.h */ = {isa = PBXFileReference; fileEncoding = 4; lastKnownFileType = sourcecode.c.h; path = Alloc.h; sourceTree = "<group>"; };
		CD6B5E2213680CAF005D779E /* CpuArch.c */ = {isa = PBXFileReference; fileEncoding = 4; lastKnownFileType = sourcecode.c.c; path = CpuArch.c; sourceTree = "<group>"; };
		CD6B5E2313680CAF005D779E /* CpuArch.h */ = {isa = PBXFileReference; fileEncoding = 4; lastKnownFileType = sourcecode.c.h; path = CpuArch.h; sourceTree = "<group>"; };
		CD6B5E2413680CAF005D779E /* Delta.c */ = {isa = PBXFileReference; fileEncoding = 4; lastKnownFileType = sourcecode.c.c; path = Delta.c; sourceTree = "<group>"; };
		CD6B5E2513680CAF005D779E /* Delta.h */ = {isa = PBXFileReference; fileEncoding = 4; lastKnownFileType = sourcecode.c.h; path = Delta.h; sourceTree = "<group>"; };
		CD6B5E2613680CAF005D779E /* LzHash.h */ = {isa = PBXFileReference; fileEncoding = 4; lastKnownFileType = sourcecode.c.h; path = LzHash.h; sourceTree = "<group>"; };
		CD6B5E2713680CAF005D779E /* Lzma2Dec.c */ = {isa = PBXFileReference; fileEncoding = 4; lastKnownFileType = sourcecode.c.c; path = Lzma2Dec.c; sourceTree = "<group>"; };
		CD6B5E2813680CAF005D779E /* Lzma2Dec.h */ = {isa = PBXFileReference; fileEncoding = 4; lastKnownFileType = sourcecode.c.h; path = Lzma2Dec.h; sourceTree = "<group>"; };
		CD6B5E2913680CAF005D779E /* LzmaDec.c */ = {isa = PBXFileReference; fileEncoding = 4; lastKnownFileType = sourcecode.c.c; path = LzmaDec.c; sourceTree = "<group>"; };
		CD6B5E2A13680CAF005D779E /* LzmaDec.h */ = {isa = PBXFileReference; fileEncoding = 4; lastKnownFileType = sourcecode.c.h; path = LzmaDec.h; sourceTree = "<group>"; };
		CD6B5E2B13680CAF005D779E /* LZMAExtractor.h */ = {isa = PBXFileReference; fileEncoding = 4; lastKnownFileType = sourcecode.c.h; path = LZMAExtractor.h; sourceTree = "<group>"; };
		CD6B5E2C13680CAF005D779E /* LZMAExtractor.m */ = {isa = PBXFileReference; fileEncoding = 4; lastKnownFileType = sourcecode.c.objc; path = LZMAExtractor.m; sourceTree = "<group>"; };
		CD6B5E2D13680CAF005D779E /* Ppmd.h */ = {isa = PBXFileReference; fileEncoding = 4; lastKnownFileType = sourcecode.c.h; path = Ppmd.h; sourceTree = "<group>"; };
		CD6B5E2E13680CAF005D779E /* Ppmd7.c */ = {isa = PBXFileReference; fileEncoding = 4; lastKnownFileType = sourcecode.c.c; path = Ppmd7.c; sourceTree = "<group>"; };
		CD6B5E2F13680CAF005D779E /* Ppmd7.h */ = {isa = PBXFileReference; fileEncoding = 4; lastKnownFileType = sourcecode.c.h; path = Ppmd7.h; sourceTree = "<group>"; };
		CD6B5E3013680CAF005D779E /* Ppmd7Dec.c */ = {isa = PBXFileReference; fileEncoding = 4; lastKnownFileType = sourcecode.c.c; path = Ppmd7Dec.c; sourceTree = "<group>"; };
		CD6B5E3113680CAF005D779E /* Ppmd8.c */ = {isa = PBXFileReference; fileEncoding = 4; lastKnownFileType = sourcecode.c.c; path = Ppmd8.c; sourceTree = "<group>"; };
		CD6B5E3213680CAF005D779E /* Ppmd8.h */ = {isa = PBXFileReference; fileEncoding = 4; lastKnownFileType = sourcecode.c.h; path = Ppmd8.h; sourceTree = "<group>"; };
		CD6B5E3313680CAF005D779E /* Ppmd8Dec.c */ = {isa = PBXFileReference; fileEncoding = 4; lastKnownFileType = sourcecode.c.c; path = Ppmd8Dec.c; sourceTree = "<group>"; };
		CD6B5E3413680CAF005D779E /* RotateDefs.h */ = {isa = PBXFileReference; fileEncoding = 4; lastKnownFileType = sourcecode.c.h; path = RotateDefs.h; sourceTree = "<group>"; };
		CD6B5E3513680CAF005D779E /* Types.h */ = {isa = PBXFileReference; fileEncoding = 4; lastKnownFileType = sourcecode.c.h; path = Types.h; sourceTree = "<group>"; };
		CD6B5E3813680CAF005D779E /* 7zAlloc.c */ = {isa = PBXFileReference; fileEncoding = 4; lastKnownFileType = sourcecode.c.c; path = 7zAlloc.c; sourceTree = "<group>"; };
		CD6B5E3913680CAF005D779E /* 7zAlloc.h */ = {isa = PBXFileReference; fileEncoding = 4; lastKnownFileType = sourcecode.c.h; path = 7zAlloc.h; sourceTree = "<group>"; };
		CD6B5E3A13680CAF005D779E /* 7zMain.c */ = {isa = PBXFileReference; fileEncoding = 4; lastKnownFileType = sourcecode.c.c; path = 7zMain.c; sourceTree = "<group>"; };
		CD7659FE1368A75900020FEB /* RyuMvids.7z */ = {isa = PBXFileReference; lastKnownFileType = file; path = RyuMvids.7z; sourceTree = "<group>"; };
		CD85066512EBA7610037EFDA /* SF2BlankaBackground.gif */ = {isa = PBXFileReference; lastKnownFileType = image.gif; path = SF2BlankaBackground.gif; sourceTree = "<group>"; };
		CD85067912EBA9810037EFDA /* AutoPropertyRelease.h */ = {isa = PBXFileReference; fileEncoding = 4; lastKnownFileType = sourcecode.c.h; path = AutoPropertyRelease.h; sourceTree = "<group>"; };
		CD85067A12EBA9810037EFDA /* AutoPropertyRelease.m */ = {isa = PBXFileReference; fileEncoding = 4; lastKnownFileType = sourcecode.c.objc; path = AutoPropertyRelease.m; sourceTree = "<group>"; };
		CD8506F212EBAB7B0037EFDA /* AVFoundation.framework */ = {isa = PBXFileReference; lastKnownFileType = wrapper.framework; name = AVFoundation.framework; path = System/Library/Frameworks/AVFoundation.framework; sourceTree = SDKROOT; };
		CD8506F612EBAB820037EFDA /* AudioToolbox.framework */ = {isa = PBXFileReference; lastKnownFileType = wrapper.framework; name = AudioToolbox.framework; path = System/Library/Frameworks/AudioToolbox.framework; sourceTree = SDKROOT; };
		CD85070412EBAB890037EFDA /* QuartzCore.framework */ = {isa = PBXFileReference; lastKnownFileType = wrapper.framework; name = QuartzCore.framework; path = System/Library/Frameworks/QuartzCore.framework; sourceTree = SDKROOT; };
		CD85071C12EBAB910037EFDA /* MediaPlayer.framework */ = {isa = PBXFileReference; lastKnownFileType = wrapper.framework; name = MediaPlayer.framework; path = System/Library/Frameworks/MediaPlayer.framework; sourceTree = SDKROOT; };
		CD937C0C14B057DE00D903F0 /* AutoTimer.h */ = {isa = PBXFileReference; fileEncoding = 4; lastKnownFileType = sourcecode.c.h; path = AutoTimer.h; sourceTree = "<group>"; };
		CD937C0D14B057DE00D903F0 /* AutoTimer.m */ = {isa = PBXFileReference; fileEncoding = 4; lastKnownFileType = sourcecode.c.objc; path = AutoTimer.m; sourceTree = "<group>"; };
		CD9BC54F16B33ED900FFEB6F /* README.txt */ = {isa = PBXFileReference; lastKnownFileType = text; path = README.txt; sourceTree = "<group>"; };
		CDC21F9E12EE4A19005D648A /* Icon.png */ = {isa = PBXFileReference; lastKnownFileType = image.png; path = Icon.png; sourceTree = "<group>"; };
		CDC21FA012EE4A26005D648A /* sf2_blanka_theme_mono_qlow_22k.caf */ = {isa = PBXFileReference; lastKnownFileType = file; path = sf2_blanka_theme_mono_qlow_22k.caf; sourceTree = "<group>"; };
		CDD0B21112F4DFDF00412982 /* License.txt */ = {isa = PBXFileReference; fileEncoding = 4; lastKnownFileType = text; path = License.txt; sourceTree = "<group>"; };
		CDD2640612EBDB9D000BF04E /* RyuStance.png */ = {isa = PBXFileReference; lastKnownFileType = image.png; path = RyuStance.png; sourceTree = "<group>"; };
		CDE10D7B12EE2A50002F071D /* RedButtonDownAlpha.png */ = {isa = PBXFileReference; lastKnownFileType = image.png; path = RedButtonDownAlpha.png; sourceTree = "<group>"; };
		CDE10D7C12EE2A50002F071D /* RedButtonUpAlpha.png */ = {isa = PBXFileReference; lastKnownFileType = image.png; path = RedButtonUpAlpha.png; sourceTree = "<group>"; };
/* End PBXFileReference section */

/* Begin PBXFrameworksBuildPhase section */
		1D60588F0D05DD3D006BFB54 /* Frameworks */ = {
			isa = PBXFrameworksBuildPhase;
			buildActionMask = 2147483647;
			files = (
				3C9381CC1A26B04A00C515CF /* ImageIO.framework in Frameworks */,
				3C9381CA1A26B04100C515CF /* CoreText.framework in Frameworks */,
				3C9381C81A26B03600C515CF /* GLKit.framework in Frameworks */,
				3C9381C61A26B02900C515CF /* OpenGLES.framework in Frameworks */,
				3C9381C41A26B00E00C515CF /* MobileCoreServices.framework in Frameworks */,
				CD3FCF2A162682000037002F /* CoreMedia.framework in Frameworks */,
				CD3FCF28162681F10037002F /* CoreVideo.framework in Frameworks */,
				1D60589F0D05DD5A006BFB54 /* Foundation.framework in Frameworks */,
				1DF5F4E00D08C38300B7A737 /* UIKit.framework in Frameworks */,
				288765A50DF7441C002DB57D /* CoreGraphics.framework in Frameworks */,
				CD8506F312EBAB7B0037EFDA /* AVFoundation.framework in Frameworks */,
				CD8506F712EBAB820037EFDA /* AudioToolbox.framework in Frameworks */,
				CD85070512EBAB890037EFDA /* QuartzCore.framework in Frameworks */,
				CD85071D12EBAB910037EFDA /* MediaPlayer.framework in Frameworks */,
				CD44A23D137365F500DB9E9F /* libz.dylib in Frameworks */,
			);
			runOnlyForDeploymentPostprocessing = 0;
		};
/* End PBXFrameworksBuildPhase section */

/* Begin PBXGroup section */
		080E96DDFE201D6D7F000001 /* Classes */ = {
			isa = PBXGroup;
			children = (
				3C47DEC71A26ADFA00D6A145 /* AVAnimator */,
				CD6B5E1513680CAF005D779E /* LZMASDK */,
				CD85067912EBA9810037EFDA /* AutoPropertyRelease.h */,
				CD85067A12EBA9810037EFDA /* AutoPropertyRelease.m */,
				CD937C0C14B057DE00D903F0 /* AutoTimer.h */,
				CD937C0D14B057DE00D903F0 /* AutoTimer.m */,
				1D3623240D0F684500981E51 /* StreetFighterAppDelegate.h */,
				1D3623250D0F684500981E51 /* StreetFighterAppDelegate.m */,
				28D7ACF60DDB3853001CB0EB /* StreetFighterViewController.h */,
				28D7ACF70DDB3853001CB0EB /* StreetFighterViewController.m */,
			);
			path = Classes;
			sourceTree = "<group>";
		};
		19C28FACFE9D520D11CA2CBB /* Products */ = {
			isa = PBXGroup;
			children = (
				1D6058910D05DD3D006BFB54 /* StreetFighter.app */,
			);
			name = Products;
			sourceTree = "<group>";
		};
		29B97314FDCFA39411CA2CEA /* CustomTemplate */ = {
			isa = PBXGroup;
			children = (
				080E96DDFE201D6D7F000001 /* Classes */,
				29B97315FDCFA39411CA2CEA /* Other Sources */,
				29B97317FDCFA39411CA2CEA /* Resources */,
				29B97323FDCFA39411CA2CEA /* Frameworks */,
				19C28FACFE9D520D11CA2CBB /* Products */,
			);
			name = CustomTemplate;
			sourceTree = "<group>";
		};
		29B97315FDCFA39411CA2CEA /* Other Sources */ = {
			isa = PBXGroup;
			children = (
				32CA4F630368D1EE00C91783 /* StreetFighter_Prefix.pch */,
				29B97316FDCFA39411CA2CEA /* main.m */,
			);
			name = "Other Sources";
			sourceTree = "<group>";
		};
		29B97317FDCFA39411CA2CEA /* Resources */ = {
			isa = PBXGroup;
			children = (
				CDD0B21112F4DFDF00412982 /* License.txt */,
				CD9BC54F16B33ED900FFEB6F /* README.txt */,
				CD7659FE1368A75900020FEB /* RyuMvids.7z */,
				CDC21FA012EE4A26005D648A /* sf2_blanka_theme_mono_qlow_22k.caf */,
				CDC21F9E12EE4A19005D648A /* Icon.png */,
				CDE10D7B12EE2A50002F071D /* RedButtonDownAlpha.png */,
				CDE10D7C12EE2A50002F071D /* RedButtonUpAlpha.png */,
				CDD2640612EBDB9D000BF04E /* RyuStance.png */,
				CD1BB22D12EEA02600A237B7 /* Hadoken.wav */,
				CD1BB26C12EEA66600A237B7 /* Punch-fierce.wav */,
				CD1BB22F12EEA03400A237B7 /* Kick.wav */,
				CD85066512EBA7610037EFDA /* SF2BlankaBackground.gif */,
				CD1BB29312EEA88100A237B7 /* Fight.wav */,
				2899E5210DE3E06400AC0155 /* StreetFighterViewController.xib */,
				28AD733E0D9D9553002E5188 /* MainWindow.xib */,
				8D1107310486CEB800E47090 /* StreetFighter-Info.plist */,
			);
			name = Resources;
			sourceTree = "<group>";
		};
		29B97323FDCFA39411CA2CEA /* Frameworks */ = {
			isa = PBXGroup;
			children = (
				3C9381CB1A26B04A00C515CF /* ImageIO.framework */,
				3C9381C91A26B04100C515CF /* CoreText.framework */,
				3C9381C71A26B03600C515CF /* GLKit.framework */,
				3C9381C51A26B02900C515CF /* OpenGLES.framework */,
				3C9381C31A26B00E00C515CF /* MobileCoreServices.framework */,
				CD44A23C137365F500DB9E9F /* libz.dylib */,
				CD85071C12EBAB910037EFDA /* MediaPlayer.framework */,
				CD85070412EBAB890037EFDA /* QuartzCore.framework */,
				CD8506F612EBAB820037EFDA /* AudioToolbox.framework */,
				CD8506F212EBAB7B0037EFDA /* AVFoundation.framework */,
				1DF5F4DF0D08C38300B7A737 /* UIKit.framework */,
				1D30AB110D05D00D00671497 /* Foundation.framework */,
				288765A40DF7441C002DB57D /* CoreGraphics.framework */,
				CD3FCF29162682000037002F /* CoreMedia.framework */,
				CD3FCF27162681F10037002F /* CoreVideo.framework */,
			);
			name = Frameworks;
			sourceTree = "<group>";
		};
		3C47DEC71A26ADFA00D6A145 /* AVAnimator */ = {
			isa = PBXGroup;
			children = (
				3C47DEC81A26ADFA00D6A145 /* ApngConvertMaxvid.h */,
				3C47DEC91A26ADFA00D6A145 /* ApngConvertMaxvid.m */,
				3C47DECA1A26ADFA00D6A145 /* AV7zApng2MvidResourceLoader.h */,
				3C47DECB1A26ADFA00D6A145 /* AV7zApng2MvidResourceLoader.m */,
				3C47DECC1A26ADFA00D6A145 /* AV7zAppResourceLoader.h */,
				3C47DECD1A26ADFA00D6A145 /* AV7zAppResourceLoader.m */,
				3C47DECE1A26ADFA00D6A145 /* AVAnimatorLayer.h */,
				3C47DECF1A26ADFA00D6A145 /* AVAnimatorLayer.m */,
				3C47DED01A26ADFA00D6A145 /* AVAnimatorLayerPrivate.h */,
				3C47DED11A26ADFA00D6A145 /* AVAnimatorMedia.h */,
				3C47DED21A26ADFA00D6A145 /* AVAnimatorMedia.m */,
				3C47DED31A26ADFA00D6A145 /* AVAnimatorMediaPrivate.h */,
				3C47DED41A26ADFA00D6A145 /* AVAnimatorMediaRendererProtocol.h */,
				3C47DED51A26ADFA00D6A145 /* AVAnimatorOpenGLView.h */,
				3C47DED61A26ADFA00D6A145 /* AVAnimatorOpenGLView.m */,
				3C47DED71A26ADFA00D6A145 /* AVAnimatorOpenGLViewPrivate.h */,
				3C47DED81A26ADFA00D6A145 /* AVAnimatorView.h */,
				3C47DED91A26ADFA00D6A145 /* AVAnimatorView.m */,
				3C47DEDA1A26ADFA00D6A145 /* AVAnimatorViewPrivate.h */,
				3C47DEDB1A26ADFA00D6A145 /* AVApng2MvidResourceLoader.h */,
				3C47DEDC1A26ADFA00D6A145 /* AVApng2MvidResourceLoader.m */,
				3C47DEDD1A26ADFA00D6A145 /* AVAppResourceLoader.h */,
				3C47DEDE1A26ADFA00D6A145 /* AVAppResourceLoader.m */,
				3C47DEDF1A26ADFA00D6A145 /* AVAsset2MvidResourceLoader.h */,
				3C47DEE01A26ADFA00D6A145 /* AVAsset2MvidResourceLoader.m */,
				3C47DEE11A26ADFA00D6A145 /* AVAssetConvertCommon.h */,
				3C47DEE21A26ADFA00D6A145 /* AVAssetFrameDecoder.h */,
				3C47DEE31A26ADFA00D6A145 /* AVAssetFrameDecoder.m */,
				3C47DEE41A26ADFA00D6A145 /* AVAssetJoinAlphaResourceLoader.h */,
				3C47DEE51A26ADFA00D6A145 /* AVAssetJoinAlphaResourceLoader.m */,
				3C47DEE61A26ADFA00D6A145 /* AVAssetReaderConvertMaxvid.h */,
				3C47DEE71A26ADFA00D6A145 /* AVAssetReaderConvertMaxvid.m */,
				3C47DEE81A26ADFA00D6A145 /* AVAssetWriterConvertFromMaxvid.h */,
				3C47DEE91A26ADFA00D6A145 /* AVAssetWriterConvertFromMaxvid.m */,
				3C47DEEA1A26ADFA00D6A145 /* AVFileUtil.h */,
				3C47DEEB1A26ADFA00D6A145 /* AVFileUtil.m */,
				3C47DEEC1A26ADFA00D6A145 /* AVFrame.h */,
				3C47DEED1A26ADFA00D6A145 /* AVFrame.m */,
				3C47DEEE1A26ADFA00D6A145 /* AVFrameDecoder.h */,
				3C47DEEF1A26ADFA00D6A145 /* AVFrameDecoder.m */,
				3C47DEF01A26ADFA00D6A145 /* AVGIF89A2MvidResourceLoader.h */,
				3C47DEF11A26ADFA00D6A145 /* AVGIF89A2MvidResourceLoader.m */,
				3C47DEF21A26ADFA00D6A145 /* AVImageFrameDecoder.h */,
				3C47DEF31A26ADFA00D6A145 /* AVImageFrameDecoder.m */,
				3C47DEF41A26ADFA00D6A145 /* AVMvidFileWriter.h */,
				3C47DEF51A26ADFA00D6A145 /* AVMvidFileWriter.m */,
				3C47DEF61A26ADFA00D6A145 /* AVMvidFrameDecoder.h */,
				3C47DEF71A26ADFA00D6A145 /* AVMvidFrameDecoder.m */,
				3C47DEF81A26ADFA00D6A145 /* AVOfflineComposition.h */,
				3C47DEF91A26ADFA00D6A145 /* AVOfflineComposition.m */,
				3C47DEFA1A26ADFA00D6A145 /* AVResourceLoader.h */,
				3C47DEFB1A26ADFA00D6A145 /* AVResourceLoader.m */,
				3C47DEFC1A26ADFA00D6A145 /* CGFrameBuffer.h */,
				3C47DEFD1A26ADFA00D6A145 /* CGFrameBuffer.m */,
				3C47DEFE1A26ADFA00D6A145 /* libapng.c */,
				3C47DEFF1A26ADFA00D6A145 /* libapng.h */,
				3C47DF001A26ADFA00D6A145 /* maxvid_decode.c */,
				3C47DF011A26ADFA00D6A145 /* maxvid_decode.h */,
				3C47DF021A26ADFA00D6A145 /* maxvid_decode_arm.s */,
				3C47DF031A26ADFA00D6A145 /* maxvid_deltas.h */,
				3C47DF041A26ADFA00D6A145 /* maxvid_deltas.m */,
				3C47DF051A26ADFA00D6A145 /* maxvid_encode.h */,
				3C47DF061A26ADFA00D6A145 /* maxvid_encode.m */,
				3C47DF071A26ADFA00D6A145 /* maxvid_file.c */,
				3C47DF081A26ADFA00D6A145 /* maxvid_file.h */,
				3C47DF091A26ADFA00D6A145 /* movdata.c */,
				3C47DF0A1A26ADFA00D6A145 /* movdata.h */,
				3C47DF0B1A26ADFA00D6A145 /* MutableAttrString.h */,
				3C47DF0C1A26ADFA00D6A145 /* MutableAttrString.m */,
				3C47DF0D1A26ADFA00D6A145 /* SegmentedMappedData.h */,
				3C47DF0E1A26ADFA00D6A145 /* SegmentedMappedData.m */,
			);
			path = AVAnimator;
			sourceTree = "<group>";
		};
		CD6B5E1513680CAF005D779E /* LZMASDK */ = {
			isa = PBXGroup;
			children = (
				CD6B5E1613680CAF005D779E /* 7z.h */,
				CD6B5E1713680CAF005D779E /* 7zBuf.c */,
				CD6B5E1813680CAF005D779E /* 7zBuf.h */,
				CD6B5E1913680CAF005D779E /* 7zBuf2.c */,
				CD6B5E1A13680CAF005D779E /* 7zDec.c */,
				CD6B5E1B13680CAF005D779E /* 7zFile.c */,
				CD6B5E1C13680CAF005D779E /* 7zFile.h */,
				CD6B5E1D13680CAF005D779E /* 7zIn.c */,
				CD6B5E1E13680CAF005D779E /* 7zStream.c */,
				CD6B5E1F13680CAF005D779E /* 7zVersion.h */,
				CD6B5E2013680CAF005D779E /* Alloc.c */,
				CD6B5E2113680CAF005D779E /* Alloc.h */,
				CD6B5E2213680CAF005D779E /* CpuArch.c */,
				CD6B5E2313680CAF005D779E /* CpuArch.h */,
				CD6B5E2413680CAF005D779E /* Delta.c */,
				CD6B5E2513680CAF005D779E /* Delta.h */,
				CD6B5E2613680CAF005D779E /* LzHash.h */,
				CD6B5E2713680CAF005D779E /* Lzma2Dec.c */,
				CD6B5E2813680CAF005D779E /* Lzma2Dec.h */,
				CD6B5E2913680CAF005D779E /* LzmaDec.c */,
				CD6B5E2A13680CAF005D779E /* LzmaDec.h */,
				CD6B5E2B13680CAF005D779E /* LZMAExtractor.h */,
				CD6B5E2C13680CAF005D779E /* LZMAExtractor.m */,
				CD6B5E2D13680CAF005D779E /* Ppmd.h */,
				CD6B5E2E13680CAF005D779E /* Ppmd7.c */,
				CD6B5E2F13680CAF005D779E /* Ppmd7.h */,
				CD6B5E3013680CAF005D779E /* Ppmd7Dec.c */,
				CD6B5E3113680CAF005D779E /* Ppmd8.c */,
				CD6B5E3213680CAF005D779E /* Ppmd8.h */,
				CD6B5E3313680CAF005D779E /* Ppmd8Dec.c */,
				CD6B5E3413680CAF005D779E /* RotateDefs.h */,
				CD6B5E3513680CAF005D779E /* Types.h */,
				CD6B5E3613680CAF005D779E /* Util */,
			);
			path = LZMASDK;
			sourceTree = "<group>";
		};
		CD6B5E3613680CAF005D779E /* Util */ = {
			isa = PBXGroup;
			children = (
				CD6B5E3713680CAF005D779E /* 7z */,
			);
			path = Util;
			sourceTree = "<group>";
		};
		CD6B5E3713680CAF005D779E /* 7z */ = {
			isa = PBXGroup;
			children = (
				CD6B5E3813680CAF005D779E /* 7zAlloc.c */,
				CD6B5E3913680CAF005D779E /* 7zAlloc.h */,
				CD6B5E3A13680CAF005D779E /* 7zMain.c */,
			);
			path = 7z;
			sourceTree = "<group>";
		};
/* End PBXGroup section */

/* Begin PBXNativeTarget section */
		1D6058900D05DD3D006BFB54 /* StreetFighter */ = {
			isa = PBXNativeTarget;
			buildConfigurationList = 1D6058960D05DD3E006BFB54 /* Build configuration list for PBXNativeTarget "StreetFighter" */;
			buildPhases = (
				1D60588D0D05DD3D006BFB54 /* Resources */,
				1D60588E0D05DD3D006BFB54 /* Sources */,
				1D60588F0D05DD3D006BFB54 /* Frameworks */,
			);
			buildRules = (
			);
			dependencies = (
			);
			name = StreetFighter;
			productName = StreetFighter;
			productReference = 1D6058910D05DD3D006BFB54 /* StreetFighter.app */;
			productType = "com.apple.product-type.application";
		};
/* End PBXNativeTarget section */

/* Begin PBXProject section */
		29B97313FDCFA39411CA2CEA /* Project object */ = {
			isa = PBXProject;
			attributes = {
			};
			buildConfigurationList = C01FCF4E08A954540054247B /* Build configuration list for PBXProject "StreetFighter" */;
			compatibilityVersion = "Xcode 3.1";
			developmentRegion = English;
			hasScannedForEncodings = 1;
			knownRegions = (
				English,
				Japanese,
				French,
				German,
			);
			mainGroup = 29B97314FDCFA39411CA2CEA /* CustomTemplate */;
			projectDirPath = "";
			projectRoot = "";
			targets = (
				1D6058900D05DD3D006BFB54 /* StreetFighter */,
			);
		};
/* End PBXProject section */

/* Begin PBXResourcesBuildPhase section */
		1D60588D0D05DD3D006BFB54 /* Resources */ = {
			isa = PBXResourcesBuildPhase;
			buildActionMask = 2147483647;
			files = (
				28AD733F0D9D9553002E5188 /* MainWindow.xib in Resources */,
				2899E5220DE3E06400AC0155 /* StreetFighterViewController.xib in Resources */,
				CD85066612EBA7610037EFDA /* SF2BlankaBackground.gif in Resources */,
				CDD2640712EBDB9D000BF04E /* RyuStance.png in Resources */,
				CDE10D7D12EE2A50002F071D /* RedButtonDownAlpha.png in Resources */,
				CDE10D7E12EE2A50002F071D /* RedButtonUpAlpha.png in Resources */,
				CDC21F9F12EE4A19005D648A /* Icon.png in Resources */,
				CDC21FA112EE4A26005D648A /* sf2_blanka_theme_mono_qlow_22k.caf in Resources */,
				CD1BB22E12EEA02600A237B7 /* Hadoken.wav in Resources */,
				CD1BB23012EEA03400A237B7 /* Kick.wav in Resources */,
				CD1BB26D12EEA66600A237B7 /* Punch-fierce.wav in Resources */,
				CD1BB29412EEA88100A237B7 /* Fight.wav in Resources */,
				CDD0B21212F4DFDF00412982 /* License.txt in Resources */,
				CD7659FF1368A75900020FEB /* RyuMvids.7z in Resources */,
			);
			runOnlyForDeploymentPostprocessing = 0;
		};
/* End PBXResourcesBuildPhase section */

/* Begin PBXSourcesBuildPhase section */
		1D60588E0D05DD3D006BFB54 /* Sources */ = {
			isa = PBXSourcesBuildPhase;
			buildActionMask = 2147483647;
			files = (
				1D60589B0D05DD56006BFB54 /* main.m in Sources */,
				1D3623260D0F684500981E51 /* StreetFighterAppDelegate.m in Sources */,
				3C47DF2D1A26ADFA00D6A145 /* movdata.c in Sources */,
				3C47DF111A26ADFA00D6A145 /* AV7zAppResourceLoader.m in Sources */,
				3C47DF1B1A26ADFA00D6A145 /* AVAssetReaderConvertMaxvid.m in Sources */,
				3C47DF2B1A26ADFA00D6A145 /* maxvid_encode.m in Sources */,
				28D7ACF80DDB3853001CB0EB /* StreetFighterViewController.m in Sources */,
				3C47DF2A1A26ADFA00D6A145 /* maxvid_deltas.m in Sources */,
				CD85069912EBA9810037EFDA /* AutoPropertyRelease.m in Sources */,
				3C47DF141A26ADFA00D6A145 /* AVAnimatorOpenGLView.m in Sources */,
				CD6B5E3B13680CAF005D779E /* 7zBuf.c in Sources */,
				3C47DF2C1A26ADFA00D6A145 /* maxvid_file.c in Sources */,
				3C47DF171A26ADFA00D6A145 /* AVAppResourceLoader.m in Sources */,
				3C47DF2F1A26ADFA00D6A145 /* SegmentedMappedData.m in Sources */,
				3C47DF191A26ADFA00D6A145 /* AVAssetFrameDecoder.m in Sources */,
				CD6B5E3C13680CAF005D779E /* 7zBuf2.c in Sources */,
				3C47DF211A26ADFA00D6A145 /* AVImageFrameDecoder.m in Sources */,
				CD6B5E3D13680CAF005D779E /* 7zDec.c in Sources */,
				3C47DF1D1A26ADFA00D6A145 /* AVFileUtil.m in Sources */,
				CD6B5E3E13680CAF005D779E /* 7zFile.c in Sources */,
				CD6B5E3F13680CAF005D779E /* 7zIn.c in Sources */,
				CD6B5E4013680CAF005D779E /* 7zStream.c in Sources */,
				3C47DF121A26ADFA00D6A145 /* AVAnimatorLayer.m in Sources */,
				CD6B5E4113680CAF005D779E /* Alloc.c in Sources */,
				CD6B5E4213680CAF005D779E /* CpuArch.c in Sources */,
				3C47DF131A26ADFA00D6A145 /* AVAnimatorMedia.m in Sources */,
				CD6B5E4313680CAF005D779E /* Delta.c in Sources */,
				CD6B5E4413680CAF005D779E /* Lzma2Dec.c in Sources */,
				3C47DF271A26ADFA00D6A145 /* libapng.c in Sources */,
				3C47DF0F1A26ADFA00D6A145 /* ApngConvertMaxvid.m in Sources */,
				3C47DF161A26ADFA00D6A145 /* AVApng2MvidResourceLoader.m in Sources */,
				3C47DF2E1A26ADFA00D6A145 /* MutableAttrString.m in Sources */,
				CD6B5E4513680CAF005D779E /* LzmaDec.c in Sources */,
				3C47DF201A26ADFA00D6A145 /* AVGIF89A2MvidResourceLoader.m in Sources */,
				3C47DF281A26ADFA00D6A145 /* maxvid_decode.c in Sources */,
				CD6B5E4613680CAF005D779E /* LZMAExtractor.m in Sources */,
				CD6B5E4713680CAF005D779E /* Ppmd7.c in Sources */,
				3C47DF1E1A26ADFA00D6A145 /* AVFrame.m in Sources */,
				3C47DF241A26ADFA00D6A145 /* AVOfflineComposition.m in Sources */,
				3C47DF1A1A26ADFA00D6A145 /* AVAssetJoinAlphaResourceLoader.m in Sources */,
				3C47DF151A26ADFA00D6A145 /* AVAnimatorView.m in Sources */,
				3C47DF251A26ADFA00D6A145 /* AVResourceLoader.m in Sources */,
				3C47DF1C1A26ADFA00D6A145 /* AVAssetWriterConvertFromMaxvid.m in Sources */,
				CD6B5E4813680CAF005D779E /* Ppmd7Dec.c in Sources */,
				CD6B5E4913680CAF005D779E /* Ppmd8.c in Sources */,
				CD6B5E4A13680CAF005D779E /* Ppmd8Dec.c in Sources */,
				3C47DF261A26ADFA00D6A145 /* CGFrameBuffer.m in Sources */,
				CD6B5E4B13680CAF005D779E /* 7zAlloc.c in Sources */,
				3C47DF1F1A26ADFA00D6A145 /* AVFrameDecoder.m in Sources */,
				3C47DF101A26ADFA00D6A145 /* AV7zApng2MvidResourceLoader.m in Sources */,
				3C47DF181A26ADFA00D6A145 /* AVAsset2MvidResourceLoader.m in Sources */,
				3C47DF221A26ADFA00D6A145 /* AVMvidFileWriter.m in Sources */,
				CD6B5E4C13680CAF005D779E /* 7zMain.c in Sources */,
				CD937C0E14B057DE00D903F0 /* AutoTimer.m in Sources */,
				3C47DF231A26ADFA00D6A145 /* AVMvidFrameDecoder.m in Sources */,
				3C47DF291A26ADFA00D6A145 /* maxvid_decode_arm.s in Sources */,
			);
			runOnlyForDeploymentPostprocessing = 0;
		};
/* End PBXSourcesBuildPhase section */

/* Begin XCBuildConfiguration section */
		1D6058940D05DD3E006BFB54 /* Debug */ = {
			isa = XCBuildConfiguration;
			buildSettings = {
				ALWAYS_SEARCH_USER_PATHS = NO;
				CODE_SIGN_IDENTITY = "iPhone Developer";
				"CODE_SIGN_IDENTITY[sdk=iphoneos*]" = "iPhone Developer";
				COPY_PHASE_STRIP = NO;
				ENABLE_BITCODE = NO;
				GCC_DYNAMIC_NO_PIC = NO;
				GCC_OPTIMIZATION_LEVEL = 0;
				GCC_PRECOMPILE_PREFIX_HEADER = YES;
				GCC_PREFIX_HEADER = StreetFighter_Prefix.pch;
				INFOPLIST_FILE = "StreetFighter-Info.plist";
				PRODUCT_NAME = StreetFighter;
				PROVISIONING_PROFILE = "";
				"PROVISIONING_PROFILE[sdk=iphoneos*]" = "";
			};
			name = Debug;
		};
		1D6058950D05DD3E006BFB54 /* Release */ = {
			isa = XCBuildConfiguration;
			buildSettings = {
				ALWAYS_SEARCH_USER_PATHS = NO;
				CODE_SIGN_IDENTITY = "iPhone Developer";
				"CODE_SIGN_IDENTITY[sdk=iphoneos*]" = "iPhone Developer";
				COPY_PHASE_STRIP = YES;
				ENABLE_BITCODE = NO;
				GCC_PRECOMPILE_PREFIX_HEADER = YES;
				GCC_PREFIX_HEADER = StreetFighter_Prefix.pch;
				INFOPLIST_FILE = "StreetFighter-Info.plist";
				PRODUCT_NAME = StreetFighter;
				PROVISIONING_PROFILE = "";
				"PROVISIONING_PROFILE[sdk=iphoneos*]" = "";
				VALIDATE_PRODUCT = NO;
			};
			name = Release;
		};
		C01FCF4F08A954540054247B /* Debug */ = {
			isa = XCBuildConfiguration;
			buildSettings = {
				ARCHS = "$(ARCHS_STANDARD)";
				CLANG_ENABLE_OBJC_ARC = YES;
				CODE_SIGN_IDENTITY = "Don't Code Sign";
				"CODE_SIGN_IDENTITY[sdk=iphoneos*]" = "Don't Code Sign";
				GCC_C_LANGUAGE_STANDARD = c99;
				GCC_WARN_ABOUT_RETURN_TYPE = YES;
				GCC_WARN_UNUSED_VARIABLE = YES;
				IPHONEOS_DEPLOYMENT_TARGET = 5.1.1;
				PREBINDING = NO;
				PROVISIONING_PROFILE = "";
				"PROVISIONING_PROFILE[sdk=iphoneos*]" = "";
				SDKROOT = iphoneos;
			};
			name = Debug;
		};
		C01FCF5008A954540054247B /* Release */ = {
			isa = XCBuildConfiguration;
			buildSettings = {
				ARCHS = "$(ARCHS_STANDARD)";
				CLANG_ENABLE_OBJC_ARC = YES;
				CODE_SIGN_IDENTITY = "Don't Code Sign";
				"CODE_SIGN_IDENTITY[sdk=iphoneos*]" = "Don't Code Sign";
				GCC_C_LANGUAGE_STANDARD = c99;
				GCC_WARN_ABOUT_RETURN_TYPE = YES;
				GCC_WARN_UNUSED_VARIABLE = YES;
				IPHONEOS_DEPLOYMENT_TARGET = 5.1.1;
				OTHER_CFLAGS = "";
				PREBINDING = NO;
				PROVISIONING_PROFILE = "";
				"PROVISIONING_PROFILE[sdk=iphoneos*]" = "";
				SDKROOT = iphoneos;
			};
			name = Release;
		};
/* End XCBuildConfiguration section */

/* Begin XCConfigurationList section */
		1D6058960D05DD3E006BFB54 /* Build configuration list for PBXNativeTarget "StreetFighter" */ = {
			isa = XCConfigurationList;
			buildConfigurations = (
				1D6058940D05DD3E006BFB54 /* Debug */,
				1D6058950D05DD3E006BFB54 /* Release */,
			);
			defaultConfigurationIsVisible = 0;
			defaultConfigurationName = Release;
		};
		C01FCF4E08A954540054247B /* Build configuration list for PBXProject "StreetFighter" */ = {
			isa = XCConfigurationList;
			buildConfigurations = (
				C01FCF4F08A954540054247B /* Debug */,
				C01FCF5008A954540054247B /* Release */,
			);
			defaultConfigurationIsVisible = 0;
			defaultConfigurationName = Release;
		};
/* End XCConfigurationList section */
	};
	rootObject = 29B97313FDCFA39411CA2CEA /* Project object */;
}
